// !$*UTF8*$!
{
	archiveVersion = 1;
	classes = {
	};
	objectVersion = 50;
	objects = {

/* Begin PBXBuildFile section */
		A5008F65255B8AC6007DA505 /* AppDelegate.swift in Sources */ = {isa = PBXBuildFile; fileRef = A5008F64255B8AC6007DA505 /* AppDelegate.swift */; };
		A5008F67255B8AC6007DA505 /* SceneDelegate.swift in Sources */ = {isa = PBXBuildFile; fileRef = A5008F66255B8AC6007DA505 /* SceneDelegate.swift */; };
		A5008F69255B8AC6007DA505 /* ViewController.swift in Sources */ = {isa = PBXBuildFile; fileRef = A5008F68255B8AC6007DA505 /* ViewController.swift */; };
		A5008F6C255B8AC6007DA505 /* Main.storyboard in Resources */ = {isa = PBXBuildFile; fileRef = A5008F6A255B8AC6007DA505 /* Main.storyboard */; };
		A5008F6E255B8AC9007DA505 /* Assets.xcassets in Resources */ = {isa = PBXBuildFile; fileRef = A5008F6D255B8AC9007DA505 /* Assets.xcassets */; };
		A5008F71255B8AC9007DA505 /* LaunchScreen.storyboard in Resources */ = {isa = PBXBuildFile; fileRef = A5008F6F255B8AC9007DA505 /* LaunchScreen.storyboard */; };
		A5008F7C255B8ACA007DA505 /* I_Am_PoorTests.swift in Sources */ = {isa = PBXBuildFile; fileRef = A5008F7B255B8ACA007DA505 /* I_Am_PoorTests.swift */; };
		A5008F87255B8ACA007DA505 /* I_Am_PoorUITests.swift in Sources */ = {isa = PBXBuildFile; fileRef = A5008F86255B8ACA007DA505 /* I_Am_PoorUITests.swift */; };
/* End PBXBuildFile section */

/* Begin PBXContainerItemProxy section */
		A5008F78255B8ACA007DA505 /* PBXContainerItemProxy */ = {
			isa = PBXContainerItemProxy;
			containerPortal = A5008F59255B8AC6007DA505 /* Project object */;
			proxyType = 1;
			remoteGlobalIDString = A5008F60255B8AC6007DA505;
			remoteInfo = "I Am Poor";
		};
		A5008F83255B8ACA007DA505 /* PBXContainerItemProxy */ = {
			isa = PBXContainerItemProxy;
			containerPortal = A5008F59255B8AC6007DA505 /* Project object */;
			proxyType = 1;
			remoteGlobalIDString = A5008F60255B8AC6007DA505;
			remoteInfo = "I Am Poor";
		};
/* End PBXContainerItemProxy section */

/* Begin PBXFileReference section */
		A5008F61255B8AC6007DA505 /* I Am Poor.app */ = {isa = PBXFileReference; explicitFileType = wrapper.application; includeInIndex = 0; path = "I Am Poor.app"; sourceTree = BUILT_PRODUCTS_DIR; };
		A5008F64255B8AC6007DA505 /* AppDelegate.swift */ = {isa = PBXFileReference; lastKnownFileType = sourcecode.swift; path = AppDelegate.swift; sourceTree = "<group>"; };
		A5008F66255B8AC6007DA505 /* SceneDelegate.swift */ = {isa = PBXFileReference; lastKnownFileType = sourcecode.swift; path = SceneDelegate.swift; sourceTree = "<group>"; };
		A5008F68255B8AC6007DA505 /* ViewController.swift */ = {isa = PBXFileReference; lastKnownFileType = sourcecode.swift; path = ViewController.swift; sourceTree = "<group>"; };
		A5008F6B255B8AC6007DA505 /* Base */ = {isa = PBXFileReference; lastKnownFileType = file.storyboard; name = Base; path = Base.lproj/Main.storyboard; sourceTree = "<group>"; };
		A5008F6D255B8AC9007DA505 /* Assets.xcassets */ = {isa = PBXFileReference; lastKnownFileType = folder.assetcatalog; path = Assets.xcassets; sourceTree = "<group>"; };
		A5008F70255B8AC9007DA505 /* Base */ = {isa = PBXFileReference; lastKnownFileType = file.storyboard; name = Base; path = Base.lproj/LaunchScreen.storyboard; sourceTree = "<group>"; };
		A5008F72255B8AC9007DA505 /* Info.plist */ = {isa = PBXFileReference; lastKnownFileType = text.plist.xml; path = Info.plist; sourceTree = "<group>"; };
		A5008F77255B8ACA007DA505 /* I Am PoorTests.xctest */ = {isa = PBXFileReference; explicitFileType = wrapper.cfbundle; includeInIndex = 0; path = "I Am PoorTests.xctest"; sourceTree = BUILT_PRODUCTS_DIR; };
		A5008F7B255B8ACA007DA505 /* I_Am_PoorTests.swift */ = {isa = PBXFileReference; lastKnownFileType = sourcecode.swift; path = I_Am_PoorTests.swift; sourceTree = "<group>"; };
		A5008F7D255B8ACA007DA505 /* Info.plist */ = {isa = PBXFileReference; lastKnownFileType = text.plist.xml; path = Info.plist; sourceTree = "<group>"; };
		A5008F82255B8ACA007DA505 /* I Am PoorUITests.xctest */ = {isa = PBXFileReference; explicitFileType = wrapper.cfbundle; includeInIndex = 0; path = "I Am PoorUITests.xctest"; sourceTree = BUILT_PRODUCTS_DIR; };
		A5008F86255B8ACA007DA505 /* I_Am_PoorUITests.swift */ = {isa = PBXFileReference; lastKnownFileType = sourcecode.swift; path = I_Am_PoorUITests.swift; sourceTree = "<group>"; };
		A5008F88255B8ACA007DA505 /* Info.plist */ = {isa = PBXFileReference; lastKnownFileType = text.plist.xml; path = Info.plist; sourceTree = "<group>"; };
/* End PBXFileReference section */

/* Begin PBXFrameworksBuildPhase section */
		A5008F5E255B8AC6007DA505 /* Frameworks */ = {
			isa = PBXFrameworksBuildPhase;
			buildActionMask = 2147483647;
			files = (
			);
			runOnlyForDeploymentPostprocessing = 0;
		};
		A5008F74255B8ACA007DA505 /* Frameworks */ = {
			isa = PBXFrameworksBuildPhase;
			buildActionMask = 2147483647;
			files = (
			);
			runOnlyForDeploymentPostprocessing = 0;
		};
		A5008F7F255B8ACA007DA505 /* Frameworks */ = {
			isa = PBXFrameworksBuildPhase;
			buildActionMask = 2147483647;
			files = (
			);
			runOnlyForDeploymentPostprocessing = 0;
		};
/* End PBXFrameworksBuildPhase section */

/* Begin PBXGroup section */
		A5008F58255B8AC6007DA505 = {
			isa = PBXGroup;
			children = (
				A5008F63255B8AC6007DA505 /* I Am Poor */,
				A5008F7A255B8ACA007DA505 /* I Am PoorTests */,
				A5008F85255B8ACA007DA505 /* I Am PoorUITests */,
				A5008F62255B8AC6007DA505 /* Products */,
			);
			sourceTree = "<group>";
		};
		A5008F62255B8AC6007DA505 /* Products */ = {
			isa = PBXGroup;
			children = (
				A5008F61255B8AC6007DA505 /* I Am Poor.app */,
				A5008F77255B8ACA007DA505 /* I Am PoorTests.xctest */,
				A5008F82255B8ACA007DA505 /* I Am PoorUITests.xctest */,
			);
			name = Products;
			sourceTree = "<group>";
		};
		A5008F63255B8AC6007DA505 /* I Am Poor */ = {
			isa = PBXGroup;
			children = (
				A5008F64255B8AC6007DA505 /* AppDelegate.swift */,
				A5008F66255B8AC6007DA505 /* SceneDelegate.swift */,
				A5008F68255B8AC6007DA505 /* ViewController.swift */,
				A5008F6A255B8AC6007DA505 /* Main.storyboard */,
				A5008F6D255B8AC9007DA505 /* Assets.xcassets */,
				A5008F6F255B8AC9007DA505 /* LaunchScreen.storyboard */,
				A5008F72255B8AC9007DA505 /* Info.plist */,
			);
			path = "I Am Poor";
			sourceTree = "<group>";
		};
		A5008F7A255B8ACA007DA505 /* I Am PoorTests */ = {
			isa = PBXGroup;
			children = (
				A5008F7B255B8ACA007DA505 /* I_Am_PoorTests.swift */,
				A5008F7D255B8ACA007DA505 /* Info.plist */,
			);
			path = "I Am PoorTests";
			sourceTree = "<group>";
		};
		A5008F85255B8ACA007DA505 /* I Am PoorUITests */ = {
			isa = PBXGroup;
			children = (
				A5008F86255B8ACA007DA505 /* I_Am_PoorUITests.swift */,
				A5008F88255B8ACA007DA505 /* Info.plist */,
			);
			path = "I Am PoorUITests";
			sourceTree = "<group>";
		};
/* End PBXGroup section */

/* Begin PBXNativeTarget section */
		A5008F60255B8AC6007DA505 /* I Am Poor */ = {
			isa = PBXNativeTarget;
			buildConfigurationList = A5008F8B255B8ACA007DA505 /* Build configuration list for PBXNativeTarget "I Am Poor" */;
			buildPhases = (
				A5008F5D255B8AC6007DA505 /* Sources */,
				A5008F5E255B8AC6007DA505 /* Frameworks */,
				A5008F5F255B8AC6007DA505 /* Resources */,
			);
			buildRules = (
			);
			dependencies = (
			);
			name = "I Am Poor";
			productName = "I Am Poor";
			productReference = A5008F61255B8AC6007DA505 /* I Am Poor.app */;
			productType = "com.apple.product-type.application";
		};
		A5008F76255B8ACA007DA505 /* I Am PoorTests */ = {
			isa = PBXNativeTarget;
			buildConfigurationList = A5008F8E255B8ACA007DA505 /* Build configuration list for PBXNativeTarget "I Am PoorTests" */;
			buildPhases = (
				A5008F73255B8ACA007DA505 /* Sources */,
				A5008F74255B8ACA007DA505 /* Frameworks */,
				A5008F75255B8ACA007DA505 /* Resources */,
			);
			buildRules = (
			);
			dependencies = (
				A5008F79255B8ACA007DA505 /* PBXTargetDependency */,
			);
			name = "I Am PoorTests";
			productName = "I Am PoorTests";
			productReference = A5008F77255B8ACA007DA505 /* I Am PoorTests.xctest */;
			productType = "com.apple.product-type.bundle.unit-test";
		};
		A5008F81255B8ACA007DA505 /* I Am PoorUITests */ = {
			isa = PBXNativeTarget;
			buildConfigurationList = A5008F91255B8ACA007DA505 /* Build configuration list for PBXNativeTarget "I Am PoorUITests" */;
			buildPhases = (
				A5008F7E255B8ACA007DA505 /* Sources */,
				A5008F7F255B8ACA007DA505 /* Frameworks */,
				A5008F80255B8ACA007DA505 /* Resources */,
			);
			buildRules = (
			);
			dependencies = (
				A5008F84255B8ACA007DA505 /* PBXTargetDependency */,
			);
			name = "I Am PoorUITests";
			productName = "I Am PoorUITests";
			productReference = A5008F82255B8ACA007DA505 /* I Am PoorUITests.xctest */;
			productType = "com.apple.product-type.bundle.ui-testing";
		};
/* End PBXNativeTarget section */

/* Begin PBXProject section */
		A5008F59255B8AC6007DA505 /* Project object */ = {
			isa = PBXProject;
			attributes = {
				LastSwiftUpdateCheck = 1210;
				LastUpgradeCheck = 1210;
				TargetAttributes = {
					A5008F60255B8AC6007DA505 = {
						CreatedOnToolsVersion = 12.1;
					};
					A5008F76255B8ACA007DA505 = {
						CreatedOnToolsVersion = 12.1;
						TestTargetID = A5008F60255B8AC6007DA505;
					};
					A5008F81255B8ACA007DA505 = {
						CreatedOnToolsVersion = 12.1;
						TestTargetID = A5008F60255B8AC6007DA505;
					};
				};
			};
			buildConfigurationList = A5008F5C255B8AC6007DA505 /* Build configuration list for PBXProject "I Am Poor" */;
			compatibilityVersion = "Xcode 9.3";
			developmentRegion = en;
			hasScannedForEncodings = 0;
			knownRegions = (
				en,
				Base,
			);
			mainGroup = A5008F58255B8AC6007DA505;
			productRefGroup = A5008F62255B8AC6007DA505 /* Products */;
			projectDirPath = "";
			projectRoot = "";
			targets = (
				A5008F60255B8AC6007DA505 /* I Am Poor */,
				A5008F76255B8ACA007DA505 /* I Am PoorTests */,
				A5008F81255B8ACA007DA505 /* I Am PoorUITests */,
			);
		};
/* End PBXProject section */

/* Begin PBXResourcesBuildPhase section */
		A5008F5F255B8AC6007DA505 /* Resources */ = {
			isa = PBXResourcesBuildPhase;
			buildActionMask = 2147483647;
			files = (
				A5008F71255B8AC9007DA505 /* LaunchScreen.storyboard in Resources */,
				A5008F6E255B8AC9007DA505 /* Assets.xcassets in Resources */,
				A5008F6C255B8AC6007DA505 /* Main.storyboard in Resources */,
			);
			runOnlyForDeploymentPostprocessing = 0;
		};
		A5008F75255B8ACA007DA505 /* Resources */ = {
			isa = PBXResourcesBuildPhase;
			buildActionMask = 2147483647;
			files = (
			);
			runOnlyForDeploymentPostprocessing = 0;
		};
		A5008F80255B8ACA007DA505 /* Resources */ = {
			isa = PBXResourcesBuildPhase;
			buildActionMask = 2147483647;
			files = (
			);
			runOnlyForDeploymentPostprocessing = 0;
		};
/* End PBXResourcesBuildPhase section */

/* Begin PBXSourcesBuildPhase section */
		A5008F5D255B8AC6007DA505 /* Sources */ = {
			isa = PBXSourcesBuildPhase;
			buildActionMask = 2147483647;
			files = (
				A5008F69255B8AC6007DA505 /* ViewController.swift in Sources */,
				A5008F65255B8AC6007DA505 /* AppDelegate.swift in Sources */,
				A5008F67255B8AC6007DA505 /* SceneDelegate.swift in Sources */,
			);
			runOnlyForDeploymentPostprocessing = 0;
		};
		A5008F73255B8ACA007DA505 /* Sources */ = {
			isa = PBXSourcesBuildPhase;
			buildActionMask = 2147483647;
			files = (
				A5008F7C255B8ACA007DA505 /* I_Am_PoorTests.swift in Sources */,
			);
			runOnlyForDeploymentPostprocessing = 0;
		};
		A5008F7E255B8ACA007DA505 /* Sources */ = {
			isa = PBXSourcesBuildPhase;
			buildActionMask = 2147483647;
			files = (
				A5008F87255B8ACA007DA505 /* I_Am_PoorUITests.swift in Sources */,
			);
			runOnlyForDeploymentPostprocessing = 0;
		};
/* End PBXSourcesBuildPhase section */

/* Begin PBXTargetDependency section */
		A5008F79255B8ACA007DA505 /* PBXTargetDependency */ = {
			isa = PBXTargetDependency;
			target = A5008F60255B8AC6007DA505 /* I Am Poor */;
			targetProxy = A5008F78255B8ACA007DA505 /* PBXContainerItemProxy */;
		};
		A5008F84255B8ACA007DA505 /* PBXTargetDependency */ = {
			isa = PBXTargetDependency;
			target = A5008F60255B8AC6007DA505 /* I Am Poor */;
			targetProxy = A5008F83255B8ACA007DA505 /* PBXContainerItemProxy */;
		};
/* End PBXTargetDependency section */

/* Begin PBXVariantGroup section */
		A5008F6A255B8AC6007DA505 /* Main.storyboard */ = {
			isa = PBXVariantGroup;
			children = (
				A5008F6B255B8AC6007DA505 /* Base */,
			);
			name = Main.storyboard;
			sourceTree = "<group>";
		};
		A5008F6F255B8AC9007DA505 /* LaunchScreen.storyboard */ = {
			isa = PBXVariantGroup;
			children = (
				A5008F70255B8AC9007DA505 /* Base */,
			);
			name = LaunchScreen.storyboard;
			sourceTree = "<group>";
		};
/* End PBXVariantGroup section */

/* Begin XCBuildConfiguration section */
		A5008F89255B8ACA007DA505 /* Debug */ = {
			isa = XCBuildConfiguration;
			buildSettings = {
				ALWAYS_SEARCH_USER_PATHS = NO;
				CLANG_ANALYZER_NONNULL = YES;
				CLANG_ANALYZER_NUMBER_OBJECT_CONVERSION = YES_AGGRESSIVE;
				CLANG_CXX_LANGUAGE_STANDARD = "gnu++14";
				CLANG_CXX_LIBRARY = "libc++";
				CLANG_ENABLE_MODULES = YES;
				CLANG_ENABLE_OBJC_ARC = YES;
				CLANG_ENABLE_OBJC_WEAK = YES;
				CLANG_WARN_BLOCK_CAPTURE_AUTORELEASING = YES;
				CLANG_WARN_BOOL_CONVERSION = YES;
				CLANG_WARN_COMMA = YES;
				CLANG_WARN_CONSTANT_CONVERSION = YES;
				CLANG_WARN_DEPRECATED_OBJC_IMPLEMENTATIONS = YES;
				CLANG_WARN_DIRECT_OBJC_ISA_USAGE = YES_ERROR;
				CLANG_WARN_DOCUMENTATION_COMMENTS = YES;
				CLANG_WARN_EMPTY_BODY = YES;
				CLANG_WARN_ENUM_CONVERSION = YES;
				CLANG_WARN_INFINITE_RECURSION = YES;
				CLANG_WARN_INT_CONVERSION = YES;
				CLANG_WARN_NON_LITERAL_NULL_CONVERSION = YES;
				CLANG_WARN_OBJC_IMPLICIT_RETAIN_SELF = YES;
				CLANG_WARN_OBJC_LITERAL_CONVERSION = YES;
				CLANG_WARN_OBJC_ROOT_CLASS = YES_ERROR;
				CLANG_WARN_QUOTED_INCLUDE_IN_FRAMEWORK_HEADER = YES;
				CLANG_WARN_RANGE_LOOP_ANALYSIS = YES;
				CLANG_WARN_STRICT_PROTOTYPES = YES;
				CLANG_WARN_SUSPICIOUS_MOVE = YES;
				CLANG_WARN_UNGUARDED_AVAILABILITY = YES_AGGRESSIVE;
				CLANG_WARN_UNREACHABLE_CODE = YES;
				CLANG_WARN__DUPLICATE_METHOD_MATCH = YES;
				COPY_PHASE_STRIP = NO;
				DEBUG_INFORMATION_FORMAT = dwarf;
				ENABLE_STRICT_OBJC_MSGSEND = YES;
				ENABLE_TESTABILITY = YES;
				GCC_C_LANGUAGE_STANDARD = gnu11;
				GCC_DYNAMIC_NO_PIC = NO;
				GCC_NO_COMMON_BLOCKS = YES;
				GCC_OPTIMIZATION_LEVEL = 0;
				GCC_PREPROCESSOR_DEFINITIONS = (
					"DEBUG=1",
					"$(inherited)",
				);
				GCC_WARN_64_TO_32_BIT_CONVERSION = YES;
				GCC_WARN_ABOUT_RETURN_TYPE = YES_ERROR;
				GCC_WARN_UNDECLARED_SELECTOR = YES;
				GCC_WARN_UNINITIALIZED_AUTOS = YES_AGGRESSIVE;
				GCC_WARN_UNUSED_FUNCTION = YES;
				GCC_WARN_UNUSED_VARIABLE = YES;
				IPHONEOS_DEPLOYMENT_TARGET = 14.1;
				MTL_ENABLE_DEBUG_INFO = INCLUDE_SOURCE;
				MTL_FAST_MATH = YES;
				ONLY_ACTIVE_ARCH = YES;
				SDKROOT = iphoneos;
				SWIFT_ACTIVE_COMPILATION_CONDITIONS = DEBUG;
				SWIFT_OPTIMIZATION_LEVEL = "-Onone";
			};
			name = Debug;
		};
		A5008F8A255B8ACA007DA505 /* Release */ = {
			isa = XCBuildConfiguration;
			buildSettings = {
				ALWAYS_SEARCH_USER_PATHS = NO;
				CLANG_ANALYZER_NONNULL = YES;
				CLANG_ANALYZER_NUMBER_OBJECT_CONVERSION = YES_AGGRESSIVE;
				CLANG_CXX_LANGUAGE_STANDARD = "gnu++14";
				CLANG_CXX_LIBRARY = "libc++";
				CLANG_ENABLE_MODULES = YES;
				CLANG_ENABLE_OBJC_ARC = YES;
				CLANG_ENABLE_OBJC_WEAK = YES;
				CLANG_WARN_BLOCK_CAPTURE_AUTORELEASING = YES;
				CLANG_WARN_BOOL_CONVERSION = YES;
				CLANG_WARN_COMMA = YES;
				CLANG_WARN_CONSTANT_CONVERSION = YES;
				CLANG_WARN_DEPRECATED_OBJC_IMPLEMENTATIONS = YES;
				CLANG_WARN_DIRECT_OBJC_ISA_USAGE = YES_ERROR;
				CLANG_WARN_DOCUMENTATION_COMMENTS = YES;
				CLANG_WARN_EMPTY_BODY = YES;
				CLANG_WARN_ENUM_CONVERSION = YES;
				CLANG_WARN_INFINITE_RECURSION = YES;
				CLANG_WARN_INT_CONVERSION = YES;
				CLANG_WARN_NON_LITERAL_NULL_CONVERSION = YES;
				CLANG_WARN_OBJC_IMPLICIT_RETAIN_SELF = YES;
				CLANG_WARN_OBJC_LITERAL_CONVERSION = YES;
				CLANG_WARN_OBJC_ROOT_CLASS = YES_ERROR;
				CLANG_WARN_QUOTED_INCLUDE_IN_FRAMEWORK_HEADER = YES;
				CLANG_WARN_RANGE_LOOP_ANALYSIS = YES;
				CLANG_WARN_STRICT_PROTOTYPES = YES;
				CLANG_WARN_SUSPICIOUS_MOVE = YES;
				CLANG_WARN_UNGUARDED_AVAILABILITY = YES_AGGRESSIVE;
				CLANG_WARN_UNREACHABLE_CODE = YES;
				CLANG_WARN__DUPLICATE_METHOD_MATCH = YES;
				COPY_PHASE_STRIP = NO;
				DEBUG_INFORMATION_FORMAT = "dwarf-with-dsym";
				ENABLE_NS_ASSERTIONS = NO;
				ENABLE_STRICT_OBJC_MSGSEND = YES;
				GCC_C_LANGUAGE_STANDARD = gnu11;
				GCC_NO_COMMON_BLOCKS = YES;
				GCC_WARN_64_TO_32_BIT_CONVERSION = YES;
				GCC_WARN_ABOUT_RETURN_TYPE = YES_ERROR;
				GCC_WARN_UNDECLARED_SELECTOR = YES;
				GCC_WARN_UNINITIALIZED_AUTOS = YES_AGGRESSIVE;
				GCC_WARN_UNUSED_FUNCTION = YES;
				GCC_WARN_UNUSED_VARIABLE = YES;
				IPHONEOS_DEPLOYMENT_TARGET = 14.1;
				MTL_ENABLE_DEBUG_INFO = NO;
				MTL_FAST_MATH = YES;
				SDKROOT = iphoneos;
				SWIFT_COMPILATION_MODE = wholemodule;
				SWIFT_OPTIMIZATION_LEVEL = "-O";
				VALIDATE_PRODUCT = YES;
			};
			name = Release;
		};
		A5008F8C255B8ACA007DA505 /* Debug */ = {
			isa = XCBuildConfiguration;
			buildSettings = {
				ASSETCATALOG_COMPILER_APPICON_NAME = AppIcon;
				ASSETCATALOG_COMPILER_GLOBAL_ACCENT_COLOR_NAME = AccentColor;
				CODE_SIGN_STYLE = Automatic;
				DEVELOPMENT_TEAM = 8Z6Z6NLD29;
				INFOPLIST_FILE = "I Am Poor/Info.plist";
				LD_RUNPATH_SEARCH_PATHS = (
					"$(inherited)",
					"@executable_path/Frameworks",
				);
				PRODUCT_BUNDLE_IDENTIFIER = "Udacity.I-Am-Poor";
				PRODUCT_NAME = "$(TARGET_NAME)";
				SWIFT_VERSION = 5.0;
				TARGETED_DEVICE_FAMILY = "1,2";
			};
			name = Debug;
		};
		A5008F8D255B8ACA007DA505 /* Release */ = {
			isa = XCBuildConfiguration;
			buildSettings = {
				ASSETCATALOG_COMPILER_APPICON_NAME = AppIcon;
				ASSETCATALOG_COMPILER_GLOBAL_ACCENT_COLOR_NAME = AccentColor;
				CODE_SIGN_STYLE = Automatic;
				DEVELOPMENT_TEAM = 8Z6Z6NLD29;
				INFOPLIST_FILE = "I Am Poor/Info.plist";
				LD_RUNPATH_SEARCH_PATHS = (
					"$(inherited)",
					"@executable_path/Frameworks",
				);
				PRODUCT_BUNDLE_IDENTIFIER = "Udacity.I-Am-Poor";
				PRODUCT_NAME = "$(TARGET_NAME)";
				SWIFT_VERSION = 5.0;
				TARGETED_DEVICE_FAMILY = "1,2";
			};
			name = Release;
		};
		A5008F8F255B8ACA007DA505 /* Debug */ = {
			isa = XCBuildConfiguration;
			buildSettings = {
				ALWAYS_EMBED_SWIFT_STANDARD_LIBRARIES = YES;
				BUNDLE_LOADER = "$(TEST_HOST)";
				CODE_SIGN_STYLE = Automatic;
				INFOPLIST_FILE = "I Am PoorTests/Info.plist";
				IPHONEOS_DEPLOYMENT_TARGET = 14.1;
				LD_RUNPATH_SEARCH_PATHS = (
					"$(inherited)",
					"@executable_path/Frameworks",
					"@loader_path/Frameworks",
				);
				PRODUCT_BUNDLE_IDENTIFIER = "Udacity.I-Am-PoorTests";
				PRODUCT_NAME = "$(TARGET_NAME)";
				SWIFT_VERSION = 5.0;
				TARGETED_DEVICE_FAMILY = "1,2";
				TEST_HOST = "$(BUILT_PRODUCTS_DIR)/I Am Poor.app/I Am Poor";
			};
			name = Debug;
		};
		A5008F90255B8ACA007DA505 /* Release */ = {
			isa = XCBuildConfiguration;
			buildSettings = {
				ALWAYS_EMBED_SWIFT_STANDARD_LIBRARIES = YES;
				BUNDLE_LOADER = "$(TEST_HOST)";
				CODE_SIGN_STYLE = Automatic;
				INFOPLIST_FILE = "I Am PoorTests/Info.plist";
				IPHONEOS_DEPLOYMENT_TARGET = 14.1;
				LD_RUNPATH_SEARCH_PATHS = (
					"$(inherited)",
					"@executable_path/Frameworks",
					"@loader_path/Frameworks",
				);
				PRODUCT_BUNDLE_IDENTIFIER = "Udacity.I-Am-PoorTests";
				PRODUCT_NAME = "$(TARGET_NAME)";
				SWIFT_VERSION = 5.0;
				TARGETED_DEVICE_FAMILY = "1,2";
				TEST_HOST = "$(BUILT_PRODUCTS_DIR)/I Am Poor.app/I Am Poor";
			};
			name = Release;
		};
		A5008F92255B8ACA007DA505 /* Debug */ = {
			isa = XCBuildConfiguration;
			buildSettings = {
				ALWAYS_EMBED_SWIFT_STANDARD_LIBRARIES = YES;
				CODE_SIGN_STYLE = Automatic;
				INFOPLIST_FILE = "I Am PoorUITests/Info.plist";
				LD_RUNPATH_SEARCH_PATHS = (
					"$(inherited)",
					"@executable_path/Frameworks",
					"@loader_path/Frameworks",
				);
				PRODUCT_BUNDLE_IDENTIFIER = "Udacity.I-Am-PoorUITests";
				PRODUCT_NAME = "$(TARGET_NAME)";
				SWIFT_VERSION = 5.0;
				TARGETED_DEVICE_FAMILY = "1,2";
				TEST_TARGET_NAME = "I Am Poor";
			};
			name = Debug;
		};
		A5008F93255B8ACA007DA505 /* Release */ = {
			isa = XCBuildConfiguration;
			buildSettings = {
				ALWAYS_EMBED_SWIFT_STANDARD_LIBRARIES = YES;
				CODE_SIGN_STYLE = Automatic;
				INFOPLIST_FILE = "I Am PoorUITests/Info.plist";
				LD_RUNPATH_SEARCH_PATHS = (
					"$(inherited)",
					"@executable_path/Frameworks",
					"@loader_path/Frameworks",
				);
				PRODUCT_BUNDLE_IDENTIFIER = "Udacity.I-Am-PoorUITests";
				PRODUCT_NAME = "$(TARGET_NAME)";
				SWIFT_VERSION = 5.0;
				TARGETED_DEVICE_FAMILY = "1,2";
				TEST_TARGET_NAME = "I Am Poor";
			};
			name = Release;
		};
/* End XCBuildConfiguration section */

/* Begin XCConfigurationList section */
		A5008F5C255B8AC6007DA505 /* Build configuration list for PBXProject "I Am Poor" */ = {
			isa = XCConfigurationList;
			buildConfigurations = (
				A5008F89255B8ACA007DA505 /* Debug */,
				A5008F8A255B8ACA007DA505 /* Release */,
			);
			defaultConfigurationIsVisible = 0;
			defaultConfigurationName = Release;
		};
		A5008F8B255B8ACA007DA505 /* Build configuration list for PBXNativeTarget "I Am Poor" */ = {
			isa = XCConfigurationList;
			buildConfigurations = (
				A5008F8C255B8ACA007DA505 /* Debug */,
				A5008F8D255B8ACA007DA505 /* Release */,
			);
			defaultConfigurationIsVisible = 0;
			defaultConfigurationName = Release;
		};
		A5008F8E255B8ACA007DA505 /* Build configuration list for PBXNativeTarget "I Am PoorTests" */ = {
			isa = XCConfigurationList;
			buildConfigurations = (
				A5008F8F255B8ACA007DA505 /* Debug */,
				A5008F90255B8ACA007DA505 /* Release */,
			);
			defaultConfigurationIsVisible = 0;
			defaultConfigurationName = Release;
		};
		A5008F91255B8ACA007DA505 /* Build configuration list for PBXNativeTarget "I Am PoorUITests" */ = {
			isa = XCConfigurationList;
			buildConfigurations = (
				A5008F92255B8ACA007DA505 /* Debug */,
				A5008F93255B8ACA007DA505 /* Release */,
			);
			defaultConfigurationIsVisible = 0;
			defaultConfigurationName = Release;
		};
/* End XCConfigurationList section */
	};
	rootObject = A5008F59255B8AC6007DA505 /* Project object */;
}
